
Microsoft Visual Studio Solution File, Format Version 12.00
# Visual Studio Version 17
VisualStudioVersion = 17.0.31919.166
MinimumVisualStudioVersion = 10.0.40219.1
Project("{FAE04EC0-301F-11D3-BF4B-00C04F79EFBC}") = "Numouse", "Numouse.csproj", "{C547A76B-6164-4E5D-93F8-99C1A0082BBE}"
EndProject
Global
	GlobalSection(SolutionConfigurationPlatforms) = preSolution
		Debug|Any CPU = Debug|Any CPU
		Release|Any CPU = Release|Any CPU
	EndGlobalSection
	GlobalSection(ProjectConfigurationPlatforms) = postSolution
		{C547A76B-6164-4E5D-93F8-99C1A0082BBE}.Debug|Any CPU.ActiveCfg = Debug|Any CPU
		{C547A76B-6164-4E5D-93F8-99C1A0082BBE}.Debug|Any CPU.Build.0 = Debug|Any CPU
		{C547A76B-6164-4E5D-93F8-99C1A0082BBE}.Release|Any CPU.ActiveCfg = Release|Any CPU
		{C547A76B-6164-4E5D-93F8-99C1A0082BBE}.Release|Any CPU.Build.0 = Release|Any CPU
	EndGlobalSection
	GlobalSection(SolutionProperties) = preSolution
		HideSolutionNode = FALSE
	EndGlobalSection
	GlobalSection(ExtensibilityGlobals) = postSolution
		SolutionGuid = {3AA2EF0E-F0EA-4BFC-8F3C-F6FB13D48EA1}
	EndGlobalSection
EndGlobal
